// !$*UTF8*$!
{
	archiveVersion = 1;
	classes = {
	};
	objectVersion = 46;
	objects = {

/* Begin PBXBuildFile section */
		9A2238CD1B76C02500364A6A /* AppDelegate.swift in Sources */ = {isa = PBXBuildFile; fileRef = 9A2238CC1B76C02500364A6A /* AppDelegate.swift */; };
		9A2238D21B76C02500364A6A /* Main.storyboard in Resources */ = {isa = PBXBuildFile; fileRef = 9A2238D01B76C02500364A6A /* Main.storyboard */; };
		9A2238D41B76C02500364A6A /* Images.xcassets in Resources */ = {isa = PBXBuildFile; fileRef = 9A2238D31B76C02500364A6A /* Images.xcassets */; };
		9A2238D71B76C02500364A6A /* LaunchScreen.xib in Resources */ = {isa = PBXBuildFile; fileRef = 9A2238D51B76C02500364A6A /* LaunchScreen.xib */; };
		9A2238E31B76C02600364A6A /* LegendTVTests.swift in Sources */ = {isa = PBXBuildFile; fileRef = 9A2238E21B76C02600364A6A /* LegendTVTests.swift */; };
		9A2238F11B76C34A00364A6A /* DeviceUtils.swift in Sources */ = {isa = PBXBuildFile; fileRef = 9A2238F01B76C34A00364A6A /* DeviceUtils.swift */; };
		9A2239061B76C3B900364A6A /* FontSet.swift in Sources */ = {isa = PBXBuildFile; fileRef = 9A2239051B76C3B900364A6A /* FontSet.swift */; };
		9A2239091B76C3C200364A6A /* ButtonSet.swift in Sources */ = {isa = PBXBuildFile; fileRef = 9A2239071B76C3C200364A6A /* ButtonSet.swift */; };
		9A22390A1B76C3C200364A6A /* UIButton+AnimationExtension.swift in Sources */ = {isa = PBXBuildFile; fileRef = 9A2239081B76C3C200364A6A /* UIButton+AnimationExtension.swift */; };
		9A22390C1B76C3CD00364A6A /* ImageView+Loading.swift in Sources */ = {isa = PBXBuildFile; fileRef = 9A22390B1B76C3CD00364A6A /* ImageView+Loading.swift */; };
		9A2239141B76C44400364A6A /* Config.swift in Sources */ = {isa = PBXBuildFile; fileRef = 9A2239121B76C44400364A6A /* Config.swift */; };
		9A2239151B76C44400364A6A /* Color.swift in Sources */ = {isa = PBXBuildFile; fileRef = 9A2239131B76C44400364A6A /* Color.swift */; };
		9A22391C1B76C51700364A6A /* ReviewModalViewController.swift in Sources */ = {isa = PBXBuildFile; fileRef = 9A2239181B76C51700364A6A /* ReviewModalViewController.swift */; };
		9A22391D1B76C51700364A6A /* ReviewModalViewController.xib in Resources */ = {isa = PBXBuildFile; fileRef = 9A2239191B76C51700364A6A /* ReviewModalViewController.xib */; };
		9A22391E1B76C51700364A6A /* ReviewView.swift in Sources */ = {isa = PBXBuildFile; fileRef = 9A22391A1B76C51700364A6A /* ReviewView.swift */; };
		9A22391F1B76C51700364A6A /* LegendTV.ReviewView.xib in Resources */ = {isa = PBXBuildFile; fileRef = 9A22391B1B76C51700364A6A /* LegendTV.ReviewView.xib */; };
		9A2239231B76C55500364A6A /* BaseTableViewController.swift in Sources */ = {isa = PBXBuildFile; fileRef = 9A2239211B76C55500364A6A /* BaseTableViewController.swift */; };
		9A2239241B76C55500364A6A /* BaseCollectionViewController.swift in Sources */ = {isa = PBXBuildFile; fileRef = 9A2239221B76C55500364A6A /* BaseCollectionViewController.swift */; };
		9A2239281B76C56600364A6A /* HomeCollectionViewController.swift in Sources */ = {isa = PBXBuildFile; fileRef = 9A2239261B76C56600364A6A /* HomeCollectionViewController.swift */; };
		9A2239291B76C56600364A6A /* HomeCollectionViewController.xib in Resources */ = {isa = PBXBuildFile; fileRef = 9A2239271B76C56600364A6A /* HomeCollectionViewController.xib */; };
		9A2239301B76C57E00364A6A /* VideoCollectionViewController.swift in Sources */ = {isa = PBXBuildFile; fileRef = 9A22392B1B76C57E00364A6A /* VideoCollectionViewController.swift */; };
		9A2239311B76C57E00364A6A /* SecondBackNumberTableViewController.swift in Sources */ = {isa = PBXBuildFile; fileRef = 9A22392C1B76C57E00364A6A /* SecondBackNumberTableViewController.swift */; };
		9A2239331B76C57E00364A6A /* KikakuCollectionViewController.swift in Sources */ = {isa = PBXBuildFile; fileRef = 9A22392E1B76C57E00364A6A /* KikakuCollectionViewController.swift */; };
		9A2239341B76C57E00364A6A /* KikakuCollectionViewController.xib in Resources */ = {isa = PBXBuildFile; fileRef = 9A22392F1B76C57E00364A6A /* KikakuCollectionViewController.xib */; };
		9A22393C1B76C5A100364A6A /* VideoPlayManager.swift in Sources */ = {isa = PBXBuildFile; fileRef = 9A22393B1B76C5A100364A6A /* VideoPlayManager.swift */; };
		9A2239401B76C5D500364A6A /* TopViewController.swift in Sources */ = {isa = PBXBuildFile; fileRef = 9A22393E1B76C5D500364A6A /* TopViewController.swift */; };
		9A2239411B76C5D500364A6A /* TopViewController+Settings.swift in Sources */ = {isa = PBXBuildFile; fileRef = 9A22393F1B76C5D500364A6A /* TopViewController+Settings.swift */; };
		9A2239451B76C5E500364A6A /* FavoriteCollectionViewController.swift in Sources */ = {isa = PBXBuildFile; fileRef = 9A2239431B76C5E500364A6A /* FavoriteCollectionViewController.swift */; };
		9A2239461B76C5E500364A6A /* FavoriteCollectionViewController.xib in Resources */ = {isa = PBXBuildFile; fileRef = 9A2239441B76C5E500364A6A /* FavoriteCollectionViewController.xib */; };
		9A22394A1B76C5F300364A6A /* HistoryCollectionViewController.swift in Sources */ = {isa = PBXBuildFile; fileRef = 9A2239481B76C5F300364A6A /* HistoryCollectionViewController.swift */; };
		9A22394B1B76C5F300364A6A /* HistoryCollectionViewController.xib in Resources */ = {isa = PBXBuildFile; fileRef = 9A2239491B76C5F300364A6A /* HistoryCollectionViewController.xib */; };
		9A22394E1B76C60600364A6A /* ContainerViewController.swift in Sources */ = {isa = PBXBuildFile; fileRef = 9A22394D1B76C60600364A6A /* ContainerViewController.swift */; };
		9A2239511B76C65400364A6A /* UICollectionView+RoppongiExtensions.swift in Sources */ = {isa = PBXBuildFile; fileRef = 9A2239501B76C65400364A6A /* UICollectionView+RoppongiExtensions.swift */; };
		9A22395C1B76C6AA00364A6A /* HistoryCollectionViewCell.swift in Sources */ = {isa = PBXBuildFile; fileRef = 9A2239581B76C6AA00364A6A /* HistoryCollectionViewCell.swift */; };
		9A22395D1B76C6AA00364A6A /* HistoryCollectionViewCell.xib in Resources */ = {isa = PBXBuildFile; fileRef = 9A2239591B76C6AA00364A6A /* HistoryCollectionViewCell.xib */; };
		9A22395E1B76C6AA00364A6A /* HistoryHeaderView.swift in Sources */ = {isa = PBXBuildFile; fileRef = 9A22395A1B76C6AA00364A6A /* HistoryHeaderView.swift */; };
		9A22395F1B76C6AA00364A6A /* HistoryHeaderView.xib in Resources */ = {isa = PBXBuildFile; fileRef = 9A22395B1B76C6AA00364A6A /* HistoryHeaderView.xib */; };
		9A2239621B76C6BE00364A6A /* BaseTableViewCell.swift in Sources */ = {isa = PBXBuildFile; fileRef = 9A2239611B76C6BE00364A6A /* BaseTableViewCell.swift */; };
		9A2239681B76C6E100364A6A /* SecondBackNumberTableViewCell.swift in Sources */ = {isa = PBXBuildFile; fileRef = 9A2239641B76C6E100364A6A /* SecondBackNumberTableViewCell.swift */; };
		9A2239691B76C6E100364A6A /* SecondBackNumberTableViewCell.xib in Resources */ = {isa = PBXBuildFile; fileRef = 9A2239651B76C6E100364A6A /* SecondBackNumberTableViewCell.xib */; };
		9A22396A1B76C6E100364A6A /* BackNumberTableViewCell.swift in Sources */ = {isa = PBXBuildFile; fileRef = 9A2239661B76C6E100364A6A /* BackNumberTableViewCell.swift */; };
		9A22396B1B76C6E100364A6A /* BackNumberTableViewCell.xib in Resources */ = {isa = PBXBuildFile; fileRef = 9A2239671B76C6E100364A6A /* BackNumberTableViewCell.xib */; };
		9A2239731B76C70000364A6A /* ListTableViewCell.swift in Sources */ = {isa = PBXBuildFile; fileRef = 9A22396D1B76C70000364A6A /* ListTableViewCell.swift */; };
		9A2239741B76C70000364A6A /* ListTableViewCell.xib in Resources */ = {isa = PBXBuildFile; fileRef = 9A22396E1B76C70000364A6A /* ListTableViewCell.xib */; };
		9A2239751B76C70000364A6A /* VideoListCollectionViewCell.swift in Sources */ = {isa = PBXBuildFile; fileRef = 9A22396F1B76C70000364A6A /* VideoListCollectionViewCell.swift */; };
		9A2239761B76C70000364A6A /* VideoListCollectionViewCell.xib in Resources */ = {isa = PBXBuildFile; fileRef = 9A2239701B76C70000364A6A /* VideoListCollectionViewCell.xib */; };
		9A2239771B76C70000364A6A /* HomeHeaderView.swift in Sources */ = {isa = PBXBuildFile; fileRef = 9A2239711B76C70000364A6A /* HomeHeaderView.swift */; };
		9A2239781B76C70000364A6A /* HomeHeaderView.xib in Resources */ = {isa = PBXBuildFile; fileRef = 9A2239721B76C70000364A6A /* HomeHeaderView.xib */; };
		9A2239801B76C71900364A6A /* KikakuCollectionViewCell.swift in Sources */ = {isa = PBXBuildFile; fileRef = 9A22397A1B76C71900364A6A /* KikakuCollectionViewCell.swift */; };
		9A2239811B76C71900364A6A /* KikakuCollectionViewCell.xib in Resources */ = {isa = PBXBuildFile; fileRef = 9A22397B1B76C71900364A6A /* KikakuCollectionViewCell.xib */; };
		9A2239821B76C71900364A6A /* KikakuHeaderView.swift in Sources */ = {isa = PBXBuildFile; fileRef = 9A22397C1B76C71900364A6A /* KikakuHeaderView.swift */; };
		9A2239831B76C71900364A6A /* KikakuHeaderView.xib in Resources */ = {isa = PBXBuildFile; fileRef = 9A22397D1B76C71900364A6A /* KikakuHeaderView.xib */; };
		9A2239841B76C71900364A6A /* KikakuFooterView.swift in Sources */ = {isa = PBXBuildFile; fileRef = 9A22397E1B76C71900364A6A /* KikakuFooterView.swift */; };
		9A2239851B76C71900364A6A /* KikakuFooterView.xib in Resources */ = {isa = PBXBuildFile; fileRef = 9A22397F1B76C71900364A6A /* KikakuFooterView.xib */; };
		9A2239891B76C74000364A6A /* PlayControlBar.swift in Sources */ = {isa = PBXBuildFile; fileRef = 9A2239871B76C74000364A6A /* PlayControlBar.swift */; };
		9A22398A1B76C74000364A6A /* PlayControlBar.xib in Resources */ = {isa = PBXBuildFile; fileRef = 9A2239881B76C74000364A6A /* PlayControlBar.xib */; };
		9A22398E1B76C75500364A6A /* FavoriteCollectionViewCell.swift in Sources */ = {isa = PBXBuildFile; fileRef = 9A22398C1B76C75500364A6A /* FavoriteCollectionViewCell.swift */; };
		9A22398F1B76C75500364A6A /* FavoriteCollectionViewCell.xib in Resources */ = {isa = PBXBuildFile; fileRef = 9A22398D1B76C75500364A6A /* FavoriteCollectionViewCell.xib */; };
		9A22399D1B76C7BE00364A6A /* Story.swift in Sources */ = {isa = PBXBuildFile; fileRef = 9A2239991B76C7BE00364A6A /* Story.swift */; };
		9A22399E1B76C7BE00364A6A /* ContentDetails.swift in Sources */ = {isa = PBXBuildFile; fileRef = 9A22399A1B76C7BE00364A6A /* ContentDetails.swift */; };
		9A22399F1B76C7BE00364A6A /* Statistics.swift in Sources */ = {isa = PBXBuildFile; fileRef = 9A22399B1B76C7BE00364A6A /* Statistics.swift */; };
		9A2239A01B76C7BE00364A6A /* VideoInfo.swift in Sources */ = {isa = PBXBuildFile; fileRef = 9A22399C1B76C7BE00364A6A /* VideoInfo.swift */; };
		9A2239A51B76C7CE00364A6A /* Kikaku.swift in Sources */ = {isa = PBXBuildFile; fileRef = 9A2239A21B76C7CE00364A6A /* Kikaku.swift */; };
		9A2239A71B76C7CE00364A6A /* Kikaku.plist in Resources */ = {isa = PBXBuildFile; fileRef = 9A2239A41B76C7CE00364A6A /* Kikaku.plist */; };
		9A2239AA1B76C7E900364A6A /* Favorite.swift in Sources */ = {isa = PBXBuildFile; fileRef = 9A2239A91B76C7E900364A6A /* Favorite.swift */; };
		9A2239AD1B76C80000364A6A /* History.swift in Sources */ = {isa = PBXBuildFile; fileRef = 9A2239AC1B76C80000364A6A /* History.swift */; };
		9A2239B41B76D6FD00364A6A /* MPMoviePlayerController+BackgroundPlayback.m in Sources */ = {isa = PBXBuildFile; fileRef = 9A2239B21B76D6FD00364A6A /* MPMoviePlayerController+BackgroundPlayback.m */; };
		9A2239B51B76D6FD00364A6A /* CAPSPageMenu.swift in Sources */ = {isa = PBXBuildFile; fileRef = 9A2239B31B76D6FD00364A6A /* CAPSPageMenu.swift */; };
		9A2239BC1B76E50600364A6A /* NVActivityIndicatorAnimationLineScale.swift in Sources */ = {isa = PBXBuildFile; fileRef = 9A2239B81B76E50600364A6A /* NVActivityIndicatorAnimationLineScale.swift */; };
		9A2239BD1B76E50600364A6A /* NVActivityIndicatorAnimationDelegate.swift in Sources */ = {isa = PBXBuildFile; fileRef = 9A2239B91B76E50600364A6A /* NVActivityIndicatorAnimationDelegate.swift */; };
		9A2239BE1B76E50600364A6A /* NVActivityIndicatorShape.swift in Sources */ = {isa = PBXBuildFile; fileRef = 9A2239BA1B76E50600364A6A /* NVActivityIndicatorShape.swift */; };
		9A2239BF1B76E50600364A6A /* NVActivityIndicatorView.swift in Sources */ = {isa = PBXBuildFile; fileRef = 9A2239BB1B76E50600364A6A /* NVActivityIndicatorView.swift */; };
		9A2239C21B76E70300364A6A /* axisstd-bold.otf in Resources */ = {isa = PBXBuildFile; fileRef = 9A2239C01B76E70300364A6A /* axisstd-bold.otf */; };
		9A2239C31B76E70300364A6A /* axisstd-medium.otf in Resources */ = {isa = PBXBuildFile; fileRef = 9A2239C11B76E70300364A6A /* axisstd-medium.otf */; };
		9A2239C51B76E7AA00364A6A /* axisstd-light.otf in Resources */ = {isa = PBXBuildFile; fileRef = 9A2239C41B76E7AA00364A6A /* axisstd-light.otf */; };
		9A2239C81B76F4B200364A6A /* FavoriteHeaderView.swift in Sources */ = {isa = PBXBuildFile; fileRef = 9A2239C61B76F4B200364A6A /* FavoriteHeaderView.swift */; };
		9A2239C91B76F4B200364A6A /* FavoriteHeaderView.xib in Resources */ = {isa = PBXBuildFile; fileRef = 9A2239C71B76F4B200364A6A /* FavoriteHeaderView.xib */; };
		9A6334121B78C69900946862 /* DZNEmptyDataSet.framework in Frameworks */ = {isa = PBXBuildFile; fileRef = 9A6334111B78C69900946862 /* DZNEmptyDataSet.framework */; };
		9A6334141B78D52F00946862 /* HistoryCollectionViewController+DZNEmptyDataSet.swift in Sources */ = {isa = PBXBuildFile; fileRef = 9A6334131B78D52F00946862 /* HistoryCollectionViewController+DZNEmptyDataSet.swift */; };
		9A6334161B78D5A300946862 /* FavoriteCollectionViewController+DZNEmptyDataSet.swift in Sources */ = {isa = PBXBuildFile; fileRef = 9A6334151B78D5A300946862 /* FavoriteCollectionViewController+DZNEmptyDataSet.swift */; };
		9A6334181B796B4C00946862 /* Alamofire.framework in Frameworks */ = {isa = PBXBuildFile; fileRef = 9A6334171B796B4C00946862 /* Alamofire.framework */; };
		9A63341A1B79A90400946862 /* SwiftyJSON.framework in Frameworks */ = {isa = PBXBuildFile; fileRef = 9A6334191B79A90400946862 /* SwiftyJSON.framework */; };
		9A85BF061B7C0283002B7AF9 /* Kikaku.json in Resources */ = {isa = PBXBuildFile; fileRef = 9A85BF051B7C0283002B7AF9 /* Kikaku.json */; };
		9AE212EB1B77673E00C89B6A /* TopViewController+BaseCollectionViewControllerDelegate.swift in Sources */ = {isa = PBXBuildFile; fileRef = 9AE212EA1B77673E00C89B6A /* TopViewController+BaseCollectionViewControllerDelegate.swift */; };
		9AE212ED1B77680500C89B6A /* TopViewController+VideoPlayManagerDelegate.swift in Sources */ = {isa = PBXBuildFile; fileRef = 9AE212EC1B77680500C89B6A /* TopViewController+VideoPlayManagerDelegate.swift */; };
		9AE212EF1B7769E000C89B6A /* TopViewController+ActivityIndicatorView.swift in Sources */ = {isa = PBXBuildFile; fileRef = 9AE212EE1B7769E000C89B6A /* TopViewController+ActivityIndicatorView.swift */; };
		9AE212F11B776B2F00C89B6A /* TopViewController+KikakuCollectionViewControllerDelegate.swift in Sources */ = {isa = PBXBuildFile; fileRef = 9AE212F01B776B2F00C89B6A /* TopViewController+KikakuCollectionViewControllerDelegate.swift */; };
		9AE212F31B776BE600C89B6A /* TopViewController+ButtonTapped.swift in Sources */ = {isa = PBXBuildFile; fileRef = 9AE212F21B776BE600C89B6A /* TopViewController+ButtonTapped.swift */; };
		E6878375DF456ABCE3734545 /* Pods.framework in Frameworks */ = {isa = PBXBuildFile; fileRef = A6C5D52E1918B3E2B4FA716B /* Pods.framework */; settings = {ATTRIBUTES = (Weak, ); }; };
/* End PBXBuildFile section */

/* Begin PBXContainerItemProxy section */
		9A2238DD1B76C02600364A6A /* PBXContainerItemProxy */ = {
			isa = PBXContainerItemProxy;
			containerPortal = 9A2238BF1B76C02500364A6A /* Project object */;
			proxyType = 1;
			remoteGlobalIDString = 9A2238C61B76C02500364A6A;
			remoteInfo = LegendTV;
		};
/* End PBXContainerItemProxy section */

/* Begin PBXFileReference section */
		9A2238C71B76C02500364A6A /* LegendTV.app */ = {isa = PBXFileReference; explicitFileType = wrapper.application; includeInIndex = 0; path = LegendTV.app; sourceTree = BUILT_PRODUCTS_DIR; };
		9A2238CB1B76C02500364A6A /* Info.plist */ = {isa = PBXFileReference; lastKnownFileType = text.plist.xml; path = Info.plist; sourceTree = "<group>"; };
		9A2238CC1B76C02500364A6A /* AppDelegate.swift */ = {isa = PBXFileReference; lastKnownFileType = sourcecode.swift; path = AppDelegate.swift; sourceTree = "<group>"; };
		9A2238D11B76C02500364A6A /* Base */ = {isa = PBXFileReference; lastKnownFileType = file.storyboard; name = Base; path = Base.lproj/Main.storyboard; sourceTree = "<group>"; };
		9A2238D31B76C02500364A6A /* Images.xcassets */ = {isa = PBXFileReference; lastKnownFileType = folder.assetcatalog; path = Images.xcassets; sourceTree = "<group>"; };
		9A2238D61B76C02500364A6A /* Base */ = {isa = PBXFileReference; lastKnownFileType = file.xib; name = Base; path = Base.lproj/LaunchScreen.xib; sourceTree = "<group>"; };
		9A2238DC1B76C02600364A6A /* LegendTVTests.xctest */ = {isa = PBXFileReference; explicitFileType = wrapper.cfbundle; includeInIndex = 0; path = LegendTVTests.xctest; sourceTree = BUILT_PRODUCTS_DIR; };
		9A2238E11B76C02600364A6A /* Info.plist */ = {isa = PBXFileReference; lastKnownFileType = text.plist.xml; path = Info.plist; sourceTree = "<group>"; };
		9A2238E21B76C02600364A6A /* LegendTVTests.swift */ = {isa = PBXFileReference; lastKnownFileType = sourcecode.swift; path = LegendTVTests.swift; sourceTree = "<group>"; };
		9A2238F01B76C34A00364A6A /* DeviceUtils.swift */ = {isa = PBXFileReference; fileEncoding = 4; lastKnownFileType = sourcecode.swift; path = DeviceUtils.swift; sourceTree = "<group>"; };
		9A2239051B76C3B900364A6A /* FontSet.swift */ = {isa = PBXFileReference; fileEncoding = 4; lastKnownFileType = sourcecode.swift; path = FontSet.swift; sourceTree = "<group>"; };
		9A2239071B76C3C200364A6A /* ButtonSet.swift */ = {isa = PBXFileReference; fileEncoding = 4; lastKnownFileType = sourcecode.swift; path = ButtonSet.swift; sourceTree = "<group>"; };
		9A2239081B76C3C200364A6A /* UIButton+AnimationExtension.swift */ = {isa = PBXFileReference; fileEncoding = 4; lastKnownFileType = sourcecode.swift; path = "UIButton+AnimationExtension.swift"; sourceTree = "<group>"; };
		9A22390B1B76C3CD00364A6A /* ImageView+Loading.swift */ = {isa = PBXFileReference; fileEncoding = 4; lastKnownFileType = sourcecode.swift; path = "ImageView+Loading.swift"; sourceTree = "<group>"; };
		9A2239121B76C44400364A6A /* Config.swift */ = {isa = PBXFileReference; fileEncoding = 4; lastKnownFileType = sourcecode.swift; path = Config.swift; sourceTree = "<group>"; };
		9A2239131B76C44400364A6A /* Color.swift */ = {isa = PBXFileReference; fileEncoding = 4; lastKnownFileType = sourcecode.swift; path = Color.swift; sourceTree = "<group>"; };
		9A2239181B76C51700364A6A /* ReviewModalViewController.swift */ = {isa = PBXFileReference; fileEncoding = 4; lastKnownFileType = sourcecode.swift; path = ReviewModalViewController.swift; sourceTree = "<group>"; };
		9A2239191B76C51700364A6A /* ReviewModalViewController.xib */ = {isa = PBXFileReference; fileEncoding = 4; lastKnownFileType = file.xib; path = ReviewModalViewController.xib; sourceTree = "<group>"; };
		9A22391A1B76C51700364A6A /* ReviewView.swift */ = {isa = PBXFileReference; fileEncoding = 4; lastKnownFileType = sourcecode.swift; path = ReviewView.swift; sourceTree = "<group>"; };
		9A22391B1B76C51700364A6A /* LegendTV.ReviewView.xib */ = {isa = PBXFileReference; fileEncoding = 4; lastKnownFileType = file.xib; path = LegendTV.ReviewView.xib; sourceTree = "<group>"; };
		9A2239211B76C55500364A6A /* BaseTableViewController.swift */ = {isa = PBXFileReference; fileEncoding = 4; lastKnownFileType = sourcecode.swift; path = BaseTableViewController.swift; sourceTree = "<group>"; };
		9A2239221B76C55500364A6A /* BaseCollectionViewController.swift */ = {isa = PBXFileReference; fileEncoding = 4; lastKnownFileType = sourcecode.swift; path = BaseCollectionViewController.swift; sourceTree = "<group>"; };
		9A2239261B76C56600364A6A /* HomeCollectionViewController.swift */ = {isa = PBXFileReference; fileEncoding = 4; lastKnownFileType = sourcecode.swift; path = HomeCollectionViewController.swift; sourceTree = "<group>"; };
		9A2239271B76C56600364A6A /* HomeCollectionViewController.xib */ = {isa = PBXFileReference; fileEncoding = 4; lastKnownFileType = file.xib; path = HomeCollectionViewController.xib; sourceTree = "<group>"; };
		9A22392B1B76C57E00364A6A /* VideoCollectionViewController.swift */ = {isa = PBXFileReference; fileEncoding = 4; lastKnownFileType = sourcecode.swift; path = VideoCollectionViewController.swift; sourceTree = "<group>"; };
		9A22392C1B76C57E00364A6A /* SecondBackNumberTableViewController.swift */ = {isa = PBXFileReference; fileEncoding = 4; lastKnownFileType = sourcecode.swift; path = SecondBackNumberTableViewController.swift; sourceTree = "<group>"; };
		9A22392E1B76C57E00364A6A /* KikakuCollectionViewController.swift */ = {isa = PBXFileReference; fileEncoding = 4; lastKnownFileType = sourcecode.swift; path = KikakuCollectionViewController.swift; sourceTree = "<group>"; };
		9A22392F1B76C57E00364A6A /* KikakuCollectionViewController.xib */ = {isa = PBXFileReference; fileEncoding = 4; lastKnownFileType = file.xib; path = KikakuCollectionViewController.xib; sourceTree = "<group>"; };
		9A22393B1B76C5A100364A6A /* VideoPlayManager.swift */ = {isa = PBXFileReference; fileEncoding = 4; lastKnownFileType = sourcecode.swift; path = VideoPlayManager.swift; sourceTree = "<group>"; };
		9A22393E1B76C5D500364A6A /* TopViewController.swift */ = {isa = PBXFileReference; fileEncoding = 4; lastKnownFileType = sourcecode.swift; path = TopViewController.swift; sourceTree = "<group>"; };
		9A22393F1B76C5D500364A6A /* TopViewController+Settings.swift */ = {isa = PBXFileReference; fileEncoding = 4; lastKnownFileType = sourcecode.swift; path = "TopViewController+Settings.swift"; sourceTree = "<group>"; };
		9A2239431B76C5E500364A6A /* FavoriteCollectionViewController.swift */ = {isa = PBXFileReference; fileEncoding = 4; lastKnownFileType = sourcecode.swift; path = FavoriteCollectionViewController.swift; sourceTree = "<group>"; };
		9A2239441B76C5E500364A6A /* FavoriteCollectionViewController.xib */ = {isa = PBXFileReference; fileEncoding = 4; lastKnownFileType = file.xib; path = FavoriteCollectionViewController.xib; sourceTree = "<group>"; };
		9A2239481B76C5F300364A6A /* HistoryCollectionViewController.swift */ = {isa = PBXFileReference; fileEncoding = 4; lastKnownFileType = sourcecode.swift; path = HistoryCollectionViewController.swift; sourceTree = "<group>"; };
		9A2239491B76C5F300364A6A /* HistoryCollectionViewController.xib */ = {isa = PBXFileReference; fileEncoding = 4; lastKnownFileType = file.xib; path = HistoryCollectionViewController.xib; sourceTree = "<group>"; };
		9A22394D1B76C60600364A6A /* ContainerViewController.swift */ = {isa = PBXFileReference; fileEncoding = 4; lastKnownFileType = sourcecode.swift; path = ContainerViewController.swift; sourceTree = "<group>"; };
		9A2239501B76C65400364A6A /* UICollectionView+RoppongiExtensions.swift */ = {isa = PBXFileReference; fileEncoding = 4; lastKnownFileType = sourcecode.swift; path = "UICollectionView+RoppongiExtensions.swift"; sourceTree = "<group>"; };
		9A2239581B76C6AA00364A6A /* HistoryCollectionViewCell.swift */ = {isa = PBXFileReference; fileEncoding = 4; lastKnownFileType = sourcecode.swift; path = HistoryCollectionViewCell.swift; sourceTree = "<group>"; };
		9A2239591B76C6AA00364A6A /* HistoryCollectionViewCell.xib */ = {isa = PBXFileReference; fileEncoding = 4; lastKnownFileType = file.xib; path = HistoryCollectionViewCell.xib; sourceTree = "<group>"; };
		9A22395A1B76C6AA00364A6A /* HistoryHeaderView.swift */ = {isa = PBXFileReference; fileEncoding = 4; lastKnownFileType = sourcecode.swift; path = HistoryHeaderView.swift; sourceTree = "<group>"; };
		9A22395B1B76C6AA00364A6A /* HistoryHeaderView.xib */ = {isa = PBXFileReference; fileEncoding = 4; lastKnownFileType = file.xib; path = HistoryHeaderView.xib; sourceTree = "<group>"; };
		9A2239611B76C6BE00364A6A /* BaseTableViewCell.swift */ = {isa = PBXFileReference; fileEncoding = 4; lastKnownFileType = sourcecode.swift; path = BaseTableViewCell.swift; sourceTree = "<group>"; };
		9A2239641B76C6E100364A6A /* SecondBackNumberTableViewCell.swift */ = {isa = PBXFileReference; fileEncoding = 4; lastKnownFileType = sourcecode.swift; path = SecondBackNumberTableViewCell.swift; sourceTree = "<group>"; };
		9A2239651B76C6E100364A6A /* SecondBackNumberTableViewCell.xib */ = {isa = PBXFileReference; fileEncoding = 4; lastKnownFileType = file.xib; path = SecondBackNumberTableViewCell.xib; sourceTree = "<group>"; };
		9A2239661B76C6E100364A6A /* BackNumberTableViewCell.swift */ = {isa = PBXFileReference; fileEncoding = 4; lastKnownFileType = sourcecode.swift; path = BackNumberTableViewCell.swift; sourceTree = "<group>"; };
		9A2239671B76C6E100364A6A /* BackNumberTableViewCell.xib */ = {isa = PBXFileReference; fileEncoding = 4; lastKnownFileType = file.xib; path = BackNumberTableViewCell.xib; sourceTree = "<group>"; };
		9A22396D1B76C70000364A6A /* ListTableViewCell.swift */ = {isa = PBXFileReference; fileEncoding = 4; lastKnownFileType = sourcecode.swift; path = ListTableViewCell.swift; sourceTree = "<group>"; };
		9A22396E1B76C70000364A6A /* ListTableViewCell.xib */ = {isa = PBXFileReference; fileEncoding = 4; lastKnownFileType = file.xib; path = ListTableViewCell.xib; sourceTree = "<group>"; };
		9A22396F1B76C70000364A6A /* VideoListCollectionViewCell.swift */ = {isa = PBXFileReference; fileEncoding = 4; lastKnownFileType = sourcecode.swift; path = VideoListCollectionViewCell.swift; sourceTree = "<group>"; };
		9A2239701B76C70000364A6A /* VideoListCollectionViewCell.xib */ = {isa = PBXFileReference; fileEncoding = 4; lastKnownFileType = file.xib; path = VideoListCollectionViewCell.xib; sourceTree = "<group>"; };
		9A2239711B76C70000364A6A /* HomeHeaderView.swift */ = {isa = PBXFileReference; fileEncoding = 4; lastKnownFileType = sourcecode.swift; path = HomeHeaderView.swift; sourceTree = "<group>"; };
		9A2239721B76C70000364A6A /* HomeHeaderView.xib */ = {isa = PBXFileReference; fileEncoding = 4; lastKnownFileType = file.xib; path = HomeHeaderView.xib; sourceTree = "<group>"; };
		9A22397A1B76C71900364A6A /* KikakuCollectionViewCell.swift */ = {isa = PBXFileReference; fileEncoding = 4; lastKnownFileType = sourcecode.swift; path = KikakuCollectionViewCell.swift; sourceTree = "<group>"; };
		9A22397B1B76C71900364A6A /* KikakuCollectionViewCell.xib */ = {isa = PBXFileReference; fileEncoding = 4; lastKnownFileType = file.xib; path = KikakuCollectionViewCell.xib; sourceTree = "<group>"; };
		9A22397C1B76C71900364A6A /* KikakuHeaderView.swift */ = {isa = PBXFileReference; fileEncoding = 4; lastKnownFileType = sourcecode.swift; path = KikakuHeaderView.swift; sourceTree = "<group>"; };
		9A22397D1B76C71900364A6A /* KikakuHeaderView.xib */ = {isa = PBXFileReference; fileEncoding = 4; lastKnownFileType = file.xib; path = KikakuHeaderView.xib; sourceTree = "<group>"; };
		9A22397E1B76C71900364A6A /* KikakuFooterView.swift */ = {isa = PBXFileReference; fileEncoding = 4; lastKnownFileType = sourcecode.swift; path = KikakuFooterView.swift; sourceTree = "<group>"; };
		9A22397F1B76C71900364A6A /* KikakuFooterView.xib */ = {isa = PBXFileReference; fileEncoding = 4; lastKnownFileType = file.xib; path = KikakuFooterView.xib; sourceTree = "<group>"; };
		9A2239871B76C74000364A6A /* PlayControlBar.swift */ = {isa = PBXFileReference; fileEncoding = 4; lastKnownFileType = sourcecode.swift; path = PlayControlBar.swift; sourceTree = "<group>"; };
		9A2239881B76C74000364A6A /* PlayControlBar.xib */ = {isa = PBXFileReference; fileEncoding = 4; lastKnownFileType = file.xib; path = PlayControlBar.xib; sourceTree = "<group>"; };
		9A22398C1B76C75500364A6A /* FavoriteCollectionViewCell.swift */ = {isa = PBXFileReference; fileEncoding = 4; lastKnownFileType = sourcecode.swift; path = FavoriteCollectionViewCell.swift; sourceTree = "<group>"; };
		9A22398D1B76C75500364A6A /* FavoriteCollectionViewCell.xib */ = {isa = PBXFileReference; fileEncoding = 4; lastKnownFileType = file.xib; path = FavoriteCollectionViewCell.xib; sourceTree = "<group>"; };
		9A2239991B76C7BE00364A6A /* Story.swift */ = {isa = PBXFileReference; fileEncoding = 4; lastKnownFileType = sourcecode.swift; path = Story.swift; sourceTree = "<group>"; };
		9A22399A1B76C7BE00364A6A /* ContentDetails.swift */ = {isa = PBXFileReference; fileEncoding = 4; lastKnownFileType = sourcecode.swift; path = ContentDetails.swift; sourceTree = "<group>"; };
		9A22399B1B76C7BE00364A6A /* Statistics.swift */ = {isa = PBXFileReference; fileEncoding = 4; lastKnownFileType = sourcecode.swift; path = Statistics.swift; sourceTree = "<group>"; };
		9A22399C1B76C7BE00364A6A /* VideoInfo.swift */ = {isa = PBXFileReference; fileEncoding = 4; lastKnownFileType = sourcecode.swift; path = VideoInfo.swift; sourceTree = "<group>"; };
		9A2239A21B76C7CE00364A6A /* Kikaku.swift */ = {isa = PBXFileReference; fileEncoding = 4; lastKnownFileType = sourcecode.swift; path = Kikaku.swift; sourceTree = "<group>"; };
		9A2239A41B76C7CE00364A6A /* Kikaku.plist */ = {isa = PBXFileReference; fileEncoding = 4; lastKnownFileType = text.plist.xml; path = Kikaku.plist; sourceTree = "<group>"; };
		9A2239A91B76C7E900364A6A /* Favorite.swift */ = {isa = PBXFileReference; fileEncoding = 4; lastKnownFileType = sourcecode.swift; path = Favorite.swift; sourceTree = "<group>"; };
		9A2239AC1B76C80000364A6A /* History.swift */ = {isa = PBXFileReference; fileEncoding = 4; lastKnownFileType = sourcecode.swift; path = History.swift; sourceTree = "<group>"; };
		9A2239AE1B76D4AD00364A6A /* LegendTV-Bridging-Header.h */ = {isa = PBXFileReference; lastKnownFileType = sourcecode.c.h; path = "LegendTV-Bridging-Header.h"; sourceTree = "<group>"; };
		9A2239B11B76D6FD00364A6A /* MPMoviePlayerController+BackgroundPlayback.h */ = {isa = PBXFileReference; fileEncoding = 4; lastKnownFileType = sourcecode.c.h; path = "MPMoviePlayerController+BackgroundPlayback.h"; sourceTree = "<group>"; };
		9A2239B21B76D6FD00364A6A /* MPMoviePlayerController+BackgroundPlayback.m */ = {isa = PBXFileReference; fileEncoding = 4; lastKnownFileType = sourcecode.c.objc; path = "MPMoviePlayerController+BackgroundPlayback.m"; sourceTree = "<group>"; };
		9A2239B31B76D6FD00364A6A /* CAPSPageMenu.swift */ = {isa = PBXFileReference; fileEncoding = 4; lastKnownFileType = sourcecode.swift; path = CAPSPageMenu.swift; sourceTree = "<group>"; };
		9A2239B81B76E50600364A6A /* NVActivityIndicatorAnimationLineScale.swift */ = {isa = PBXFileReference; fileEncoding = 4; lastKnownFileType = sourcecode.swift; path = NVActivityIndicatorAnimationLineScale.swift; sourceTree = "<group>"; };
		9A2239B91B76E50600364A6A /* NVActivityIndicatorAnimationDelegate.swift */ = {isa = PBXFileReference; fileEncoding = 4; lastKnownFileType = sourcecode.swift; path = NVActivityIndicatorAnimationDelegate.swift; sourceTree = "<group>"; };
		9A2239BA1B76E50600364A6A /* NVActivityIndicatorShape.swift */ = {isa = PBXFileReference; fileEncoding = 4; lastKnownFileType = sourcecode.swift; path = NVActivityIndicatorShape.swift; sourceTree = "<group>"; };
		9A2239BB1B76E50600364A6A /* NVActivityIndicatorView.swift */ = {isa = PBXFileReference; fileEncoding = 4; lastKnownFileType = sourcecode.swift; path = NVActivityIndicatorView.swift; sourceTree = "<group>"; };
		9A2239C01B76E70300364A6A /* axisstd-bold.otf */ = {isa = PBXFileReference; lastKnownFileType = file; name = "axisstd-bold.otf"; path = "../axisstd-bold.otf"; sourceTree = "<group>"; };
		9A2239C11B76E70300364A6A /* axisstd-medium.otf */ = {isa = PBXFileReference; lastKnownFileType = file; name = "axisstd-medium.otf"; path = "../axisstd-medium.otf"; sourceTree = "<group>"; };
		9A2239C41B76E7AA00364A6A /* axisstd-light.otf */ = {isa = PBXFileReference; lastKnownFileType = file; name = "axisstd-light.otf"; path = "../axisstd-light.otf"; sourceTree = "<group>"; };
		9A2239C61B76F4B200364A6A /* FavoriteHeaderView.swift */ = {isa = PBXFileReference; fileEncoding = 4; lastKnownFileType = sourcecode.swift; path = FavoriteHeaderView.swift; sourceTree = "<group>"; };
		9A2239C71B76F4B200364A6A /* FavoriteHeaderView.xib */ = {isa = PBXFileReference; fileEncoding = 4; lastKnownFileType = file.xib; path = FavoriteHeaderView.xib; sourceTree = "<group>"; };
		9A2B00EB1B781F0400F9484B /* DZNEmptyDataSet.framework */ = {isa = PBXFileReference; lastKnownFileType = wrapper.framework; name = DZNEmptyDataSet.framework; path = Carthage.build/iOS/DZNEmptyDataSet.framework; sourceTree = "<group>"; };
		9A6334111B78C69900946862 /* DZNEmptyDataSet.framework */ = {isa = PBXFileReference; lastKnownFileType = wrapper.framework; name = DZNEmptyDataSet.framework; path = Carthage/Build/iOS/DZNEmptyDataSet.framework; sourceTree = "<group>"; };
		9A6334131B78D52F00946862 /* HistoryCollectionViewController+DZNEmptyDataSet.swift */ = {isa = PBXFileReference; fileEncoding = 4; lastKnownFileType = sourcecode.swift; path = "HistoryCollectionViewController+DZNEmptyDataSet.swift"; sourceTree = "<group>"; };
		9A6334151B78D5A300946862 /* FavoriteCollectionViewController+DZNEmptyDataSet.swift */ = {isa = PBXFileReference; fileEncoding = 4; lastKnownFileType = sourcecode.swift; path = "FavoriteCollectionViewController+DZNEmptyDataSet.swift"; sourceTree = "<group>"; };
		9A6334171B796B4C00946862 /* Alamofire.framework */ = {isa = PBXFileReference; lastKnownFileType = wrapper.framework; name = Alamofire.framework; path = Carthage/Build/iOS/Alamofire.framework; sourceTree = "<group>"; };
		9A6334191B79A90400946862 /* SwiftyJSON.framework */ = {isa = PBXFileReference; lastKnownFileType = wrapper.framework; name = SwiftyJSON.framework; path = Carthage/Build/iOS/SwiftyJSON.framework; sourceTree = "<group>"; };
		9A85BF051B7C0283002B7AF9 /* Kikaku.json */ = {isa = PBXFileReference; fileEncoding = 4; lastKnownFileType = text.json; path = Kikaku.json; sourceTree = SOURCE_ROOT; };
		9AE212EA1B77673E00C89B6A /* TopViewController+BaseCollectionViewControllerDelegate.swift */ = {isa = PBXFileReference; fileEncoding = 4; lastKnownFileType = sourcecode.swift; path = "TopViewController+BaseCollectionViewControllerDelegate.swift"; sourceTree = "<group>"; };
		9AE212EC1B77680500C89B6A /* TopViewController+VideoPlayManagerDelegate.swift */ = {isa = PBXFileReference; fileEncoding = 4; lastKnownFileType = sourcecode.swift; path = "TopViewController+VideoPlayManagerDelegate.swift"; sourceTree = "<group>"; };
		9AE212EE1B7769E000C89B6A /* TopViewController+ActivityIndicatorView.swift */ = {isa = PBXFileReference; fileEncoding = 4; lastKnownFileType = sourcecode.swift; path = "TopViewController+ActivityIndicatorView.swift"; sourceTree = "<group>"; };
		9AE212F01B776B2F00C89B6A /* TopViewController+KikakuCollectionViewControllerDelegate.swift */ = {isa = PBXFileReference; fileEncoding = 4; lastKnownFileType = sourcecode.swift; path = "TopViewController+KikakuCollectionViewControllerDelegate.swift"; sourceTree = "<group>"; };
		9AE212F21B776BE600C89B6A /* TopViewController+ButtonTapped.swift */ = {isa = PBXFileReference; fileEncoding = 4; lastKnownFileType = sourcecode.swift; path = "TopViewController+ButtonTapped.swift"; sourceTree = "<group>"; };
		A6C5D52E1918B3E2B4FA716B /* Pods.framework */ = {isa = PBXFileReference; explicitFileType = wrapper.framework; includeInIndex = 0; path = Pods.framework; sourceTree = BUILT_PRODUCTS_DIR; };
		A7558C7440C9328214CECF2C /* Pods.release.xcconfig */ = {isa = PBXFileReference; includeInIndex = 1; lastKnownFileType = text.xcconfig; name = Pods.release.xcconfig; path = "Pods/Target Support Files/Pods/Pods.release.xcconfig"; sourceTree = "<group>"; };
		BA7E1E7F1A843368EAB3B800 /* Pods.debug.xcconfig */ = {isa = PBXFileReference; includeInIndex = 1; lastKnownFileType = text.xcconfig; name = Pods.debug.xcconfig; path = "Pods/Target Support Files/Pods/Pods.debug.xcconfig"; sourceTree = "<group>"; };
/* End PBXFileReference section */

/* Begin PBXFrameworksBuildPhase section */
		9A2238C41B76C02500364A6A /* Frameworks */ = {
			isa = PBXFrameworksBuildPhase;
			buildActionMask = 2147483647;
			files = (
				E6878375DF456ABCE3734545 /* Pods.framework in Frameworks */,
				9A6334121B78C69900946862 /* DZNEmptyDataSet.framework in Frameworks */,
				9A6334181B796B4C00946862 /* Alamofire.framework in Frameworks */,
				9A63341A1B79A90400946862 /* SwiftyJSON.framework in Frameworks */,
			);
			runOnlyForDeploymentPostprocessing = 0;
		};
		9A2238D91B76C02600364A6A /* Frameworks */ = {
			isa = PBXFrameworksBuildPhase;
			buildActionMask = 2147483647;
			files = (
			);
			runOnlyForDeploymentPostprocessing = 0;
		};
/* End PBXFrameworksBuildPhase section */

/* Begin PBXGroup section */
		1CD7DFD04886F304D76EE8EA /* Pods */ = {
			isa = PBXGroup;
			children = (
				BA7E1E7F1A843368EAB3B800 /* Pods.debug.xcconfig */,
				A7558C7440C9328214CECF2C /* Pods.release.xcconfig */,
			);
			name = Pods;
			sourceTree = "<group>";
		};
		7F3F02CCB20AAA17D87665F6 /* Frameworks */ = {
			isa = PBXGroup;
			children = (
				9A6334191B79A90400946862 /* SwiftyJSON.framework */,
				9A6334171B796B4C00946862 /* Alamofire.framework */,
				9A6334111B78C69900946862 /* DZNEmptyDataSet.framework */,
				9A2B00EB1B781F0400F9484B /* DZNEmptyDataSet.framework */,
				A6C5D52E1918B3E2B4FA716B /* Pods.framework */,
			);
			name = Frameworks;
			sourceTree = "<group>";
		};
		9A2238BE1B76C02500364A6A = {
			isa = PBXGroup;
			children = (
				9A2238C91B76C02500364A6A /* LegendTV */,
				9A2238DF1B76C02600364A6A /* LegendTVTests */,
				9A2238C81B76C02500364A6A /* Products */,
				1CD7DFD04886F304D76EE8EA /* Pods */,
				7F3F02CCB20AAA17D87665F6 /* Frameworks */,
			);
			sourceTree = "<group>";
		};
		9A2238C81B76C02500364A6A /* Products */ = {
			isa = PBXGroup;
			children = (
				9A2238C71B76C02500364A6A /* LegendTV.app */,
				9A2238DC1B76C02600364A6A /* LegendTVTests.xctest */,
			);
			name = Products;
			sourceTree = "<group>";
		};
		9A2238C91B76C02500364A6A /* LegendTV */ = {
			isa = PBXGroup;
			children = (
				9A2238EC1B76C30E00364A6A /* AppDelegate */,
				9A2238ED1B76C32000364A6A /* Common */,
				9A2239161B76C4FE00364A6A /* Controller */,
				9A2239901B76C78100364A6A /* Model */,
				9A2239561B76C68900364A6A /* View */,
				9A2238D01B76C02500364A6A /* Main.storyboard */,
				9A2238D31B76C02500364A6A /* Images.xcassets */,
				9A2238D51B76C02500364A6A /* LaunchScreen.xib */,
				9A2238CA1B76C02500364A6A /* Supporting Files */,
			);
			path = LegendTV;
			sourceTree = "<group>";
		};
		9A2238CA1B76C02500364A6A /* Supporting Files */ = {
			isa = PBXGroup;
			children = (
				9A2238CB1B76C02500364A6A /* Info.plist */,
				9A2239AE1B76D4AD00364A6A /* LegendTV-Bridging-Header.h */,
				9A2239B11B76D6FD00364A6A /* MPMoviePlayerController+BackgroundPlayback.h */,
				9A2239B21B76D6FD00364A6A /* MPMoviePlayerController+BackgroundPlayback.m */,
				9A2239B31B76D6FD00364A6A /* CAPSPageMenu.swift */,
			);
			name = "Supporting Files";
			sourceTree = "<group>";
		};
		9A2238DF1B76C02600364A6A /* LegendTVTests */ = {
			isa = PBXGroup;
			children = (
				9A2238E21B76C02600364A6A /* LegendTVTests.swift */,
				9A2238E01B76C02600364A6A /* Supporting Files */,
			);
			path = LegendTVTests;
			sourceTree = "<group>";
		};
		9A2238E01B76C02600364A6A /* Supporting Files */ = {
			isa = PBXGroup;
			children = (
				9A2238E11B76C02600364A6A /* Info.plist */,
			);
			name = "Supporting Files";
			sourceTree = "<group>";
		};
		9A2238EC1B76C30E00364A6A /* AppDelegate */ = {
			isa = PBXGroup;
			children = (
				9A2238CC1B76C02500364A6A /* AppDelegate.swift */,
			);
			name = AppDelegate;
			sourceTree = "<group>";
		};
		9A2238ED1B76C32000364A6A /* Common */ = {
			isa = PBXGroup;
			children = (
				9A85BF071B7C0E4A002B7AF9 /* Random */,
				9A2238EF1B76C33000364A6A /* UI */,
				9A2238EE1B76C32800364A6A /* Device */,
			);
			name = Common;
			sourceTree = "<group>";
		};
		9A2238EE1B76C32800364A6A /* Device */ = {
			isa = PBXGroup;
			children = (
				9A2238F01B76C34A00364A6A /* DeviceUtils.swift */,
			);
			name = Device;
			sourceTree = "<group>";
		};
		9A2238EF1B76C33000364A6A /* UI */ = {
			isa = PBXGroup;
			children = (
				9AE212E91B77620D00C89B6A /* CollectionView */,
				9A2239B71B76E4FB00364A6A /* ActivityIndicator */,
				9A2239111B76C43400364A6A /* Config */,
				9A2239041B76C3A600364A6A /* Fonts */,
				9A2239031B76C3A000364A6A /* Button */,
				9A2239021B76C39700364A6A /* Image */,
			);
			name = UI;
			sourceTree = "<group>";
		};
		9A2239021B76C39700364A6A /* Image */ = {
			isa = PBXGroup;
			children = (
				9A22390B1B76C3CD00364A6A /* ImageView+Loading.swift */,
			);
			name = Image;
			sourceTree = "<group>";
		};
		9A2239031B76C3A000364A6A /* Button */ = {
			isa = PBXGroup;
			children = (
				9A2239071B76C3C200364A6A /* ButtonSet.swift */,
				9A2239081B76C3C200364A6A /* UIButton+AnimationExtension.swift */,
			);
			name = Button;
			sourceTree = "<group>";
		};
		9A2239041B76C3A600364A6A /* Fonts */ = {
			isa = PBXGroup;
			children = (
				9A22390D1B76C41600364A6A /* axis */,
				9A2239051B76C3B900364A6A /* FontSet.swift */,
			);
			name = Fonts;
			sourceTree = "<group>";
		};
		9A22390D1B76C41600364A6A /* axis */ = {
			isa = PBXGroup;
			children = (
				9A2239C01B76E70300364A6A /* axisstd-bold.otf */,
				9A2239C11B76E70300364A6A /* axisstd-medium.otf */,
				9A2239C41B76E7AA00364A6A /* axisstd-light.otf */,
			);
			name = axis;
			sourceTree = "<group>";
		};
		9A2239111B76C43400364A6A /* Config */ = {
			isa = PBXGroup;
			children = (
				9A2239121B76C44400364A6A /* Config.swift */,
				9A2239131B76C44400364A6A /* Color.swift */,
			);
			name = Config;
			sourceTree = "<group>";
		};
		9A2239161B76C4FE00364A6A /* Controller */ = {
			isa = PBXGroup;
			children = (
				9A2239171B76C50600364A6A /* Review */,
				9A22394C1B76C5F600364A6A /* Container */,
				9A2239471B76C5E800364A6A /* History */,
				9A2239421B76C5D900364A6A /* Favorite */,
				9A22393D1B76C5A400364A6A /* Top */,
				9A22393A1B76C59300364A6A /* Manager */,
				9A22392A1B76C56C00364A6A /* BackNumber */,
				9A2239251B76C55900364A6A /* Home */,
				9A2239201B76C54100364A6A /* Base */,
			);
			name = Controller;
			sourceTree = "<group>";
		};
		9A2239171B76C50600364A6A /* Review */ = {
			isa = PBXGroup;
			children = (
				9A2239181B76C51700364A6A /* ReviewModalViewController.swift */,
				9A2239191B76C51700364A6A /* ReviewModalViewController.xib */,
				9A22391A1B76C51700364A6A /* ReviewView.swift */,
				9A22391B1B76C51700364A6A /* LegendTV.ReviewView.xib */,
			);
			name = Review;
			sourceTree = "<group>";
		};
		9A2239201B76C54100364A6A /* Base */ = {
			isa = PBXGroup;
			children = (
				9A2239211B76C55500364A6A /* BaseTableViewController.swift */,
				9A2239221B76C55500364A6A /* BaseCollectionViewController.swift */,
			);
			name = Base;
			sourceTree = "<group>";
		};
		9A2239251B76C55900364A6A /* Home */ = {
			isa = PBXGroup;
			children = (
				9A2239261B76C56600364A6A /* HomeCollectionViewController.swift */,
				9A2239271B76C56600364A6A /* HomeCollectionViewController.xib */,
			);
			name = Home;
			sourceTree = "<group>";
		};
		9A22392A1B76C56C00364A6A /* BackNumber */ = {
			isa = PBXGroup;
			children = (
				9A22392B1B76C57E00364A6A /* VideoCollectionViewController.swift */,
				9A22392C1B76C57E00364A6A /* SecondBackNumberTableViewController.swift */,
				9A22392E1B76C57E00364A6A /* KikakuCollectionViewController.swift */,
				9A22392F1B76C57E00364A6A /* KikakuCollectionViewController.xib */,
			);
			name = BackNumber;
			sourceTree = "<group>";
		};
		9A22393A1B76C59300364A6A /* Manager */ = {
			isa = PBXGroup;
			children = (
				9A22393B1B76C5A100364A6A /* VideoPlayManager.swift */,
			);
			name = Manager;
			sourceTree = "<group>";
		};
		9A22393D1B76C5A400364A6A /* Top */ = {
			isa = PBXGroup;
			children = (
				9A22393E1B76C5D500364A6A /* TopViewController.swift */,
				9A22393F1B76C5D500364A6A /* TopViewController+Settings.swift */,
				9AE212EA1B77673E00C89B6A /* TopViewController+BaseCollectionViewControllerDelegate.swift */,
				9AE212EC1B77680500C89B6A /* TopViewController+VideoPlayManagerDelegate.swift */,
				9AE212EE1B7769E000C89B6A /* TopViewController+ActivityIndicatorView.swift */,
				9AE212F01B776B2F00C89B6A /* TopViewController+KikakuCollectionViewControllerDelegate.swift */,
				9AE212F21B776BE600C89B6A /* TopViewController+ButtonTapped.swift */,
			);
			name = Top;
			sourceTree = "<group>";
		};
		9A2239421B76C5D900364A6A /* Favorite */ = {
			isa = PBXGroup;
			children = (
				9A2239431B76C5E500364A6A /* FavoriteCollectionViewController.swift */,
				9A2239441B76C5E500364A6A /* FavoriteCollectionViewController.xib */,
				9A6334151B78D5A300946862 /* FavoriteCollectionViewController+DZNEmptyDataSet.swift */,
			);
			name = Favorite;
			sourceTree = "<group>";
		};
		9A2239471B76C5E800364A6A /* History */ = {
			isa = PBXGroup;
			children = (
				9A2239481B76C5F300364A6A /* HistoryCollectionViewController.swift */,
				9A2239491B76C5F300364A6A /* HistoryCollectionViewController.xib */,
				9A6334131B78D52F00946862 /* HistoryCollectionViewController+DZNEmptyDataSet.swift */,
			);
			name = History;
			sourceTree = "<group>";
		};
		9A22394C1B76C5F600364A6A /* Container */ = {
			isa = PBXGroup;
			children = (
				9A22394D1B76C60600364A6A /* ContainerViewController.swift */,
			);
			name = Container;
			sourceTree = "<group>";
		};
		9A2239561B76C68900364A6A /* View */ = {
			isa = PBXGroup;
			children = (
				9A2239571B76C69700364A6A /* History */,
				9A22398B1B76C74A00364A6A /* Favorite */,
				9A2239861B76C72400364A6A /* PlayControlBar */,
				9A2239791B76C70A00364A6A /* Kikaku */,
				9A22396C1B76C6F000364A6A /* List */,
				9A2239631B76C6D000364A6A /* BackNumber */,
				9A2239601B76C6B200364A6A /* Base */,
			);
			name = View;
			sourceTree = "<group>";
		};
		9A2239571B76C69700364A6A /* History */ = {
			isa = PBXGroup;
			children = (
				9A2239581B76C6AA00364A6A /* HistoryCollectionViewCell.swift */,
				9A2239591B76C6AA00364A6A /* HistoryCollectionViewCell.xib */,
				9A22395A1B76C6AA00364A6A /* HistoryHeaderView.swift */,
				9A22395B1B76C6AA00364A6A /* HistoryHeaderView.xib */,
			);
			name = History;
			sourceTree = "<group>";
		};
		9A2239601B76C6B200364A6A /* Base */ = {
			isa = PBXGroup;
			children = (
				9A2239611B76C6BE00364A6A /* BaseTableViewCell.swift */,
			);
			name = Base;
			sourceTree = "<group>";
		};
		9A2239631B76C6D000364A6A /* BackNumber */ = {
			isa = PBXGroup;
			children = (
				9A2239641B76C6E100364A6A /* SecondBackNumberTableViewCell.swift */,
				9A2239651B76C6E100364A6A /* SecondBackNumberTableViewCell.xib */,
				9A2239661B76C6E100364A6A /* BackNumberTableViewCell.swift */,
				9A2239671B76C6E100364A6A /* BackNumberTableViewCell.xib */,
			);
			name = BackNumber;
			sourceTree = "<group>";
		};
		9A22396C1B76C6F000364A6A /* List */ = {
			isa = PBXGroup;
			children = (
				9A22396D1B76C70000364A6A /* ListTableViewCell.swift */,
				9A22396E1B76C70000364A6A /* ListTableViewCell.xib */,
				9A22396F1B76C70000364A6A /* VideoListCollectionViewCell.swift */,
				9A2239701B76C70000364A6A /* VideoListCollectionViewCell.xib */,
				9A2239711B76C70000364A6A /* HomeHeaderView.swift */,
				9A2239721B76C70000364A6A /* HomeHeaderView.xib */,
			);
			name = List;
			sourceTree = "<group>";
		};
		9A2239791B76C70A00364A6A /* Kikaku */ = {
			isa = PBXGroup;
			children = (
				9A22397A1B76C71900364A6A /* KikakuCollectionViewCell.swift */,
				9A22397B1B76C71900364A6A /* KikakuCollectionViewCell.xib */,
				9A22397C1B76C71900364A6A /* KikakuHeaderView.swift */,
				9A22397D1B76C71900364A6A /* KikakuHeaderView.xib */,
				9A22397E1B76C71900364A6A /* KikakuFooterView.swift */,
				9A22397F1B76C71900364A6A /* KikakuFooterView.xib */,
			);
			name = Kikaku;
			sourceTree = "<group>";
		};
		9A2239861B76C72400364A6A /* PlayControlBar */ = {
			isa = PBXGroup;
			children = (
				9A2239871B76C74000364A6A /* PlayControlBar.swift */,
				9A2239881B76C74000364A6A /* PlayControlBar.xib */,
			);
			name = PlayControlBar;
			sourceTree = "<group>";
		};
		9A22398B1B76C74A00364A6A /* Favorite */ = {
			isa = PBXGroup;
			children = (
				9A22398C1B76C75500364A6A /* FavoriteCollectionViewCell.swift */,
				9A22398D1B76C75500364A6A /* FavoriteCollectionViewCell.xib */,
				9A2239C61B76F4B200364A6A /* FavoriteHeaderView.swift */,
				9A2239C71B76F4B200364A6A /* FavoriteHeaderView.xib */,
			);
			name = Favorite;
			sourceTree = "<group>";
		};
		9A2239901B76C78100364A6A /* Model */ = {
			isa = PBXGroup;
			children = (
				9A2239AB1B76C7F000364A6A /* History */,
				9A2239A81B76C7D700364A6A /* Favorite */,
				9A2239A11B76C7C200364A6A /* Kikaku */,
				9A2239981B76C7AF00364A6A /* Video */,
			);
			name = Model;
			sourceTree = "<group>";
		};
		9A2239981B76C7AF00364A6A /* Video */ = {
			isa = PBXGroup;
			children = (
				9A2239991B76C7BE00364A6A /* Story.swift */,
				9A22399A1B76C7BE00364A6A /* ContentDetails.swift */,
				9A22399B1B76C7BE00364A6A /* Statistics.swift */,
				9A22399C1B76C7BE00364A6A /* VideoInfo.swift */,
			);
			name = Video;
			sourceTree = "<group>";
		};
		9A2239A11B76C7C200364A6A /* Kikaku */ = {
			isa = PBXGroup;
			children = (
				9A2239A21B76C7CE00364A6A /* Kikaku.swift */,
				9A2239A41B76C7CE00364A6A /* Kikaku.plist */,
				9A85BF051B7C0283002B7AF9 /* Kikaku.json */,
			);
			name = Kikaku;
			sourceTree = "<group>";
		};
		9A2239A81B76C7D700364A6A /* Favorite */ = {
			isa = PBXGroup;
			children = (
				9A2239A91B76C7E900364A6A /* Favorite.swift */,
			);
			name = Favorite;
			sourceTree = "<group>";
		};
		9A2239AB1B76C7F000364A6A /* History */ = {
			isa = PBXGroup;
			children = (
				9A2239AC1B76C80000364A6A /* History.swift */,
			);
			name = History;
			sourceTree = "<group>";
		};
		9A2239B71B76E4FB00364A6A /* ActivityIndicator */ = {
			isa = PBXGroup;
			children = (
				9A2239B81B76E50600364A6A /* NVActivityIndicatorAnimationLineScale.swift */,
				9A2239B91B76E50600364A6A /* NVActivityIndicatorAnimationDelegate.swift */,
				9A2239BA1B76E50600364A6A /* NVActivityIndicatorShape.swift */,
				9A2239BB1B76E50600364A6A /* NVActivityIndicatorView.swift */,
			);
			name = ActivityIndicator;
			sourceTree = "<group>";
		};
		9A85BF071B7C0E4A002B7AF9 /* Random */ = {
			isa = PBXGroup;
			children = (
			);
			name = Random;
			sourceTree = "<group>";
		};
		9AE212E91B77620D00C89B6A /* CollectionView */ = {
			isa = PBXGroup;
			children = (
				9A2239501B76C65400364A6A /* UICollectionView+RoppongiExtensions.swift */,
			);
			name = CollectionView;
			sourceTree = "<group>";
		};
/* End PBXGroup section */

/* Begin PBXNativeTarget section */
		9A2238C61B76C02500364A6A /* LegendTV */ = {
			isa = PBXNativeTarget;
			buildConfigurationList = 9A2238E61B76C02600364A6A /* Build configuration list for PBXNativeTarget "LegendTV" */;
			buildPhases = (
				D8D20CB5B374E6E1D0219A91 /* Check Pods Manifest.lock */,
				9A2238C31B76C02500364A6A /* Sources */,
				9A2238C41B76C02500364A6A /* Frameworks */,
				9A2238C51B76C02500364A6A /* Resources */,
				E0A4F79F75F1816FB947DBF3 /* Embed Pods Frameworks */,
				111D6CEADD46EA09B00EE7F9 /* Copy Pods Resources */,
				9A2B00ED1B7822CB00F9484B /* ShellScript */,
			);
			buildRules = (
			);
			dependencies = (
			);
			name = LegendTV;
			productName = LegendTV;
			productReference = 9A2238C71B76C02500364A6A /* LegendTV.app */;
			productType = "com.apple.product-type.application";
		};
		9A2238DB1B76C02600364A6A /* LegendTVTests */ = {
			isa = PBXNativeTarget;
			buildConfigurationList = 9A2238E91B76C02600364A6A /* Build configuration list for PBXNativeTarget "LegendTVTests" */;
			buildPhases = (
				9A2238D81B76C02600364A6A /* Sources */,
				9A2238D91B76C02600364A6A /* Frameworks */,
				9A2238DA1B76C02600364A6A /* Resources */,
			);
			buildRules = (
			);
			dependencies = (
				9A2238DE1B76C02600364A6A /* PBXTargetDependency */,
			);
			name = LegendTVTests;
			productName = LegendTVTests;
			productReference = 9A2238DC1B76C02600364A6A /* LegendTVTests.xctest */;
			productType = "com.apple.product-type.bundle.unit-test";
		};
/* End PBXNativeTarget section */

/* Begin PBXProject section */
		9A2238BF1B76C02500364A6A /* Project object */ = {
			isa = PBXProject;
			attributes = {
				LastUpgradeCheck = 0640;
				ORGANIZATIONNAME = naoyashiga;
				TargetAttributes = {
					9A2238C61B76C02500364A6A = {
						CreatedOnToolsVersion = 6.4;
						SystemCapabilities = {
							com.apple.BackgroundModes = {
								enabled = 1;
							};
						};
					};
					9A2238DB1B76C02600364A6A = {
						CreatedOnToolsVersion = 6.4;
						TestTargetID = 9A2238C61B76C02500364A6A;
					};
				};
			};
			buildConfigurationList = 9A2238C21B76C02500364A6A /* Build configuration list for PBXProject "LegendTV" */;
			compatibilityVersion = "Xcode 3.2";
			developmentRegion = English;
			hasScannedForEncodings = 0;
			knownRegions = (
				en,
				Base,
			);
			mainGroup = 9A2238BE1B76C02500364A6A;
			productRefGroup = 9A2238C81B76C02500364A6A /* Products */;
			projectDirPath = "";
			projectRoot = "";
			targets = (
				9A2238C61B76C02500364A6A /* LegendTV */,
				9A2238DB1B76C02600364A6A /* LegendTVTests */,
			);
		};
/* End PBXProject section */

/* Begin PBXResourcesBuildPhase section */
		9A2238C51B76C02500364A6A /* Resources */ = {
			isa = PBXResourcesBuildPhase;
			buildActionMask = 2147483647;
			files = (
				9A2239C51B76E7AA00364A6A /* axisstd-light.otf in Resources */,
				9A2239C21B76E70300364A6A /* axisstd-bold.otf in Resources */,
				9A85BF061B7C0283002B7AF9 /* Kikaku.json in Resources */,
				9A2239C31B76E70300364A6A /* axisstd-medium.otf in Resources */,
				9A2239831B76C71900364A6A /* KikakuHeaderView.xib in Resources */,
				9A22395F1B76C6AA00364A6A /* HistoryHeaderView.xib in Resources */,
				9A22398A1B76C74000364A6A /* PlayControlBar.xib in Resources */,
				9A22391D1B76C51700364A6A /* ReviewModalViewController.xib in Resources */,
				9A2239341B76C57E00364A6A /* KikakuCollectionViewController.xib in Resources */,
				9A2238D21B76C02500364A6A /* Main.storyboard in Resources */,
				9A2239781B76C70000364A6A /* HomeHeaderView.xib in Resources */,
				9A2239741B76C70000364A6A /* ListTableViewCell.xib in Resources */,
				9A22395D1B76C6AA00364A6A /* HistoryCollectionViewCell.xib in Resources */,
				9A2238D71B76C02500364A6A /* LaunchScreen.xib in Resources */,
				9A2238D41B76C02500364A6A /* Images.xcassets in Resources */,
				9A2239A71B76C7CE00364A6A /* Kikaku.plist in Resources */,
				9A2239461B76C5E500364A6A /* FavoriteCollectionViewController.xib in Resources */,
				9A2239761B76C70000364A6A /* VideoListCollectionViewCell.xib in Resources */,
				9A2239811B76C71900364A6A /* KikakuCollectionViewCell.xib in Resources */,
				9A22394B1B76C5F300364A6A /* HistoryCollectionViewController.xib in Resources */,
				9A22398F1B76C75500364A6A /* FavoriteCollectionViewCell.xib in Resources */,
				9A2239691B76C6E100364A6A /* SecondBackNumberTableViewCell.xib in Resources */,
				9A22396B1B76C6E100364A6A /* BackNumberTableViewCell.xib in Resources */,
				9A2239C91B76F4B200364A6A /* FavoriteHeaderView.xib in Resources */,
				9A2239291B76C56600364A6A /* HomeCollectionViewController.xib in Resources */,
				9A22391F1B76C51700364A6A /* LegendTV.ReviewView.xib in Resources */,
				9A2239851B76C71900364A6A /* KikakuFooterView.xib in Resources */,
			);
			runOnlyForDeploymentPostprocessing = 0;
		};
		9A2238DA1B76C02600364A6A /* Resources */ = {
			isa = PBXResourcesBuildPhase;
			buildActionMask = 2147483647;
			files = (
			);
			runOnlyForDeploymentPostprocessing = 0;
		};
/* End PBXResourcesBuildPhase section */

/* Begin PBXShellScriptBuildPhase section */
		111D6CEADD46EA09B00EE7F9 /* Copy Pods Resources */ = {
			isa = PBXShellScriptBuildPhase;
			buildActionMask = 2147483647;
			files = (
			);
			inputPaths = (
			);
			name = "Copy Pods Resources";
			outputPaths = (
			);
			runOnlyForDeploymentPostprocessing = 0;
			shellPath = /bin/sh;
			shellScript = "\"${SRCROOT}/Pods/Target Support Files/Pods/Pods-resources.sh\"\n";
			showEnvVarsInLog = 0;
		};
		9A2B00ED1B7822CB00F9484B /* ShellScript */ = {
			isa = PBXShellScriptBuildPhase;
			buildActionMask = 2147483647;
			files = (
			);
			inputPaths = (
				"$(SRCROOT)/Carthage/Build/iOS/DZNEmptyDataSet.framework",
				"$(SRCROOT)/Carthage/Build/iOS/Alamofire.framework",
				"$(SRCROOT)/Carthage/Build/iOS/SwiftyJSON.framework",
			);
			outputPaths = (
			);
			runOnlyForDeploymentPostprocessing = 0;
			shellPath = /bin/sh;
			shellScript = "/usr/local/bin/carthage copy-frameworks";
		};
		D8D20CB5B374E6E1D0219A91 /* Check Pods Manifest.lock */ = {
			isa = PBXShellScriptBuildPhase;
			buildActionMask = 2147483647;
			files = (
			);
			inputPaths = (
			);
			name = "Check Pods Manifest.lock";
			outputPaths = (
			);
			runOnlyForDeploymentPostprocessing = 0;
			shellPath = /bin/sh;
			shellScript = "diff \"${PODS_ROOT}/../Podfile.lock\" \"${PODS_ROOT}/Manifest.lock\" > /dev/null\nif [[ $? != 0 ]] ; then\n    cat << EOM\nerror: The sandbox is not in sync with the Podfile.lock. Run 'pod install' or update your CocoaPods installation.\nEOM\n    exit 1\nfi\n";
			showEnvVarsInLog = 0;
		};
		E0A4F79F75F1816FB947DBF3 /* Embed Pods Frameworks */ = {
			isa = PBXShellScriptBuildPhase;
			buildActionMask = 2147483647;
			files = (
			);
			inputPaths = (
			);
			name = "Embed Pods Frameworks";
			outputPaths = (
			);
			runOnlyForDeploymentPostprocessing = 0;
			shellPath = /bin/sh;
			shellScript = "\"${SRCROOT}/Pods/Target Support Files/Pods/Pods-frameworks.sh\"\n";
			showEnvVarsInLog = 0;
		};
/* End PBXShellScriptBuildPhase section */

/* Begin PBXSourcesBuildPhase section */
		9A2238C31B76C02500364A6A /* Sources */ = {
			isa = PBXSourcesBuildPhase;
			buildActionMask = 2147483647;
			files = (
				9A22395E1B76C6AA00364A6A /* HistoryHeaderView.swift in Sources */,
				9A22391E1B76C51700364A6A /* ReviewView.swift in Sources */,
				9A22396A1B76C6E100364A6A /* BackNumberTableViewCell.swift in Sources */,
				9A6334161B78D5A300946862 /* FavoriteCollectionViewController+DZNEmptyDataSet.swift in Sources */,
				9A2239841B76C71900364A6A /* KikakuFooterView.swift in Sources */,
				9A2238CD1B76C02500364A6A /* AppDelegate.swift in Sources */,
				9A2239C81B76F4B200364A6A /* FavoriteHeaderView.swift in Sources */,
				9A2239451B76C5E500364A6A /* FavoriteCollectionViewController.swift in Sources */,
				9A22390A1B76C3C200364A6A /* UIButton+AnimationExtension.swift in Sources */,
				9A2239891B76C74000364A6A /* PlayControlBar.swift in Sources */,
				9AE212EB1B77673E00C89B6A /* TopViewController+BaseCollectionViewControllerDelegate.swift in Sources */,
				9A2239A01B76C7BE00364A6A /* VideoInfo.swift in Sources */,
				9A2239621B76C6BE00364A6A /* BaseTableViewCell.swift in Sources */,
				9A2239241B76C55500364A6A /* BaseCollectionViewController.swift in Sources */,
				9A2239771B76C70000364A6A /* HomeHeaderView.swift in Sources */,
				9A22395C1B76C6AA00364A6A /* HistoryCollectionViewCell.swift in Sources */,
				9A22398E1B76C75500364A6A /* FavoriteCollectionViewCell.swift in Sources */,
				9A2239401B76C5D500364A6A /* TopViewController.swift in Sources */,
				9A2239751B76C70000364A6A /* VideoListCollectionViewCell.swift in Sources */,
				9A2239411B76C5D500364A6A /* TopViewController+Settings.swift in Sources */,
				9A2239061B76C3B900364A6A /* FontSet.swift in Sources */,
				9A2239281B76C56600364A6A /* HomeCollectionViewController.swift in Sources */,
				9A2239BD1B76E50600364A6A /* NVActivityIndicatorAnimationDelegate.swift in Sources */,
				9A2239681B76C6E100364A6A /* SecondBackNumberTableViewCell.swift in Sources */,
				9A2239141B76C44400364A6A /* Config.swift in Sources */,
				9A22394E1B76C60600364A6A /* ContainerViewController.swift in Sources */,
				9A2239731B76C70000364A6A /* ListTableViewCell.swift in Sources */,
				9AE212ED1B77680500C89B6A /* TopViewController+VideoPlayManagerDelegate.swift in Sources */,
				9AE212F11B776B2F00C89B6A /* TopViewController+KikakuCollectionViewControllerDelegate.swift in Sources */,
				9A2239311B76C57E00364A6A /* SecondBackNumberTableViewController.swift in Sources */,
				9A22399F1B76C7BE00364A6A /* Statistics.swift in Sources */,
				9A2239BE1B76E50600364A6A /* NVActivityIndicatorShape.swift in Sources */,
				9A22390C1B76C3CD00364A6A /* ImageView+Loading.swift in Sources */,
				9A2239BC1B76E50600364A6A /* NVActivityIndicatorAnimationLineScale.swift in Sources */,
				9A2239331B76C57E00364A6A /* KikakuCollectionViewController.swift in Sources */,
				9A2239821B76C71900364A6A /* KikakuHeaderView.swift in Sources */,
				9A2239B51B76D6FD00364A6A /* CAPSPageMenu.swift in Sources */,
				9A2239AD1B76C80000364A6A /* History.swift in Sources */,
				9A22394A1B76C5F300364A6A /* HistoryCollectionViewController.swift in Sources */,
				9A6334141B78D52F00946862 /* HistoryCollectionViewController+DZNEmptyDataSet.swift in Sources */,
				9A2239B41B76D6FD00364A6A /* MPMoviePlayerController+BackgroundPlayback.m in Sources */,
				9A2239801B76C71900364A6A /* KikakuCollectionViewCell.swift in Sources */,
				9A2239301B76C57E00364A6A /* VideoCollectionViewController.swift in Sources */,
				9AE212F31B776BE600C89B6A /* TopViewController+ButtonTapped.swift in Sources */,
				9A2239151B76C44400364A6A /* Color.swift in Sources */,
				9A2239511B76C65400364A6A /* UICollectionView+RoppongiExtensions.swift in Sources */,
				9A22399E1B76C7BE00364A6A /* ContentDetails.swift in Sources */,
				9A2239091B76C3C200364A6A /* ButtonSet.swift in Sources */,
				9A2238F11B76C34A00364A6A /* DeviceUtils.swift in Sources */,
				9A22393C1B76C5A100364A6A /* VideoPlayManager.swift in Sources */,
				9AE212EF1B7769E000C89B6A /* TopViewController+ActivityIndicatorView.swift in Sources */,
				9A2239BF1B76E50600364A6A /* NVActivityIndicatorView.swift in Sources */,
				9A2239AA1B76C7E900364A6A /* Favorite.swift in Sources */,
				9A2239231B76C55500364A6A /* BaseTableViewController.swift in Sources */,
				9A22399D1B76C7BE00364A6A /* Story.swift in Sources */,
				9A22391C1B76C51700364A6A /* ReviewModalViewController.swift in Sources */,
				9A2239A51B76C7CE00364A6A /* Kikaku.swift in Sources */,
			);
			runOnlyForDeploymentPostprocessing = 0;
		};
		9A2238D81B76C02600364A6A /* Sources */ = {
			isa = PBXSourcesBuildPhase;
			buildActionMask = 2147483647;
			files = (
				9A2238E31B76C02600364A6A /* LegendTVTests.swift in Sources */,
			);
			runOnlyForDeploymentPostprocessing = 0;
		};
/* End PBXSourcesBuildPhase section */

/* Begin PBXTargetDependency section */
		9A2238DE1B76C02600364A6A /* PBXTargetDependency */ = {
			isa = PBXTargetDependency;
			target = 9A2238C61B76C02500364A6A /* LegendTV */;
			targetProxy = 9A2238DD1B76C02600364A6A /* PBXContainerItemProxy */;
		};
/* End PBXTargetDependency section */

/* Begin PBXVariantGroup section */
		9A2238D01B76C02500364A6A /* Main.storyboard */ = {
			isa = PBXVariantGroup;
			children = (
				9A2238D11B76C02500364A6A /* Base */,
			);
			name = Main.storyboard;
			sourceTree = "<group>";
		};
		9A2238D51B76C02500364A6A /* LaunchScreen.xib */ = {
			isa = PBXVariantGroup;
			children = (
				9A2238D61B76C02500364A6A /* Base */,
			);
			name = LaunchScreen.xib;
			sourceTree = "<group>";
		};
/* End PBXVariantGroup section */

/* Begin XCBuildConfiguration section */
		9A2238E41B76C02600364A6A /* Debug */ = {
			isa = XCBuildConfiguration;
			buildSettings = {
				ALWAYS_SEARCH_USER_PATHS = NO;
				CLANG_CXX_LANGUAGE_STANDARD = "gnu++0x";
				CLANG_CXX_LIBRARY = "libc++";
				CLANG_ENABLE_MODULES = YES;
				CLANG_ENABLE_OBJC_ARC = YES;
				CLANG_WARN_BOOL_CONVERSION = YES;
				CLANG_WARN_CONSTANT_CONVERSION = YES;
				CLANG_WARN_DIRECT_OBJC_ISA_USAGE = YES_ERROR;
				CLANG_WARN_EMPTY_BODY = YES;
				CLANG_WARN_ENUM_CONVERSION = YES;
				CLANG_WARN_INT_CONVERSION = YES;
				CLANG_WARN_OBJC_ROOT_CLASS = YES_ERROR;
				CLANG_WARN_UNREACHABLE_CODE = YES;
				CLANG_WARN__DUPLICATE_METHOD_MATCH = YES;
				CODE_SIGN_IDENTITY = "iPhone Developer: Naoya Sugimoto (5JW3B2ZP2Q)";
				"CODE_SIGN_IDENTITY[sdk=iphoneos*]" = "iPhone Developer: Naoya Sugimoto (5JW3B2ZP2Q)";
				COPY_PHASE_STRIP = NO;
				DEBUG_INFORMATION_FORMAT = "dwarf-with-dsym";
				ENABLE_STRICT_OBJC_MSGSEND = YES;
				GCC_C_LANGUAGE_STANDARD = gnu99;
				GCC_DYNAMIC_NO_PIC = NO;
				GCC_NO_COMMON_BLOCKS = YES;
				GCC_OPTIMIZATION_LEVEL = 0;
				GCC_PREPROCESSOR_DEFINITIONS = (
					"DEBUG=1",
					"$(inherited)",
				);
				GCC_SYMBOLS_PRIVATE_EXTERN = NO;
				GCC_WARN_64_TO_32_BIT_CONVERSION = YES;
				GCC_WARN_ABOUT_RETURN_TYPE = YES_ERROR;
				GCC_WARN_UNDECLARED_SELECTOR = YES;
				GCC_WARN_UNINITIALIZED_AUTOS = YES_AGGRESSIVE;
				GCC_WARN_UNUSED_FUNCTION = YES;
				GCC_WARN_UNUSED_VARIABLE = YES;
				IPHONEOS_DEPLOYMENT_TARGET = 8.4;
				MTL_ENABLE_DEBUG_INFO = YES;
				ONLY_ACTIVE_ARCH = YES;
				PROVISIONING_PROFILE = "03ea179a-f7aa-48e3-8842-a314deba611d";
				SDKROOT = iphoneos;
				SWIFT_OPTIMIZATION_LEVEL = "-Onone";
			};
			name = Debug;
		};
		9A2238E51B76C02600364A6A /* Release */ = {
			isa = XCBuildConfiguration;
			buildSettings = {
				ALWAYS_SEARCH_USER_PATHS = NO;
				CLANG_CXX_LANGUAGE_STANDARD = "gnu++0x";
				CLANG_CXX_LIBRARY = "libc++";
				CLANG_ENABLE_MODULES = YES;
				CLANG_ENABLE_OBJC_ARC = YES;
				CLANG_WARN_BOOL_CONVERSION = YES;
				CLANG_WARN_CONSTANT_CONVERSION = YES;
				CLANG_WARN_DIRECT_OBJC_ISA_USAGE = YES_ERROR;
				CLANG_WARN_EMPTY_BODY = YES;
				CLANG_WARN_ENUM_CONVERSION = YES;
				CLANG_WARN_INT_CONVERSION = YES;
				CLANG_WARN_OBJC_ROOT_CLASS = YES_ERROR;
				CLANG_WARN_UNREACHABLE_CODE = YES;
				CLANG_WARN__DUPLICATE_METHOD_MATCH = YES;
				CODE_SIGN_IDENTITY = "iPhone Developer: Naoya Sugimoto (5JW3B2ZP2Q)";
				"CODE_SIGN_IDENTITY[sdk=iphoneos*]" = "iPhone Developer: Naoya Sugimoto (5JW3B2ZP2Q)";
				COPY_PHASE_STRIP = NO;
				DEBUG_INFORMATION_FORMAT = "dwarf-with-dsym";
				ENABLE_NS_ASSERTIONS = NO;
				ENABLE_STRICT_OBJC_MSGSEND = YES;
				GCC_C_LANGUAGE_STANDARD = gnu99;
				GCC_NO_COMMON_BLOCKS = YES;
				GCC_WARN_64_TO_32_BIT_CONVERSION = YES;
				GCC_WARN_ABOUT_RETURN_TYPE = YES_ERROR;
				GCC_WARN_UNDECLARED_SELECTOR = YES;
				GCC_WARN_UNINITIALIZED_AUTOS = YES_AGGRESSIVE;
				GCC_WARN_UNUSED_FUNCTION = YES;
				GCC_WARN_UNUSED_VARIABLE = YES;
				IPHONEOS_DEPLOYMENT_TARGET = 8.4;
				MTL_ENABLE_DEBUG_INFO = NO;
				PROVISIONING_PROFILE = "03ea179a-f7aa-48e3-8842-a314deba611d";
				SDKROOT = iphoneos;
				VALIDATE_PRODUCT = YES;
			};
			name = Release;
		};
		9A2238E71B76C02600364A6A /* Debug */ = {
			isa = XCBuildConfiguration;
			baseConfigurationReference = BA7E1E7F1A843368EAB3B800 /* Pods.debug.xcconfig */;
			buildSettings = {
				ASSETCATALOG_COMPILER_APPICON_NAME = AppIcon;
				CLANG_ENABLE_MODULES = YES;
				CODE_SIGN_IDENTITY = "iPhone Developer: Naoya Sugimoto (5JW3B2ZP2Q)";
				FRAMEWORK_SEARCH_PATHS = (
					"$(inherited)",
					"$(PROJECT_DIR)/Carthage.build/iOS",
					"$(PROJECT_DIR)/Carthage/Build/iOS",
				);
				INFOPLIST_FILE = LegendTV/Info.plist;
				LD_RUNPATH_SEARCH_PATHS = "$(inherited) @executable_path/Frameworks";
				PRODUCT_NAME = "$(TARGET_NAME)";
				PROVISIONING_PROFILE = "03ea179a-f7aa-48e3-8842-a314deba611d";
				SWIFT_OBJC_BRIDGING_HEADER = "LegendTV/LegendTV-Bridging-Header.h";
				SWIFT_OPTIMIZATION_LEVEL = "-Onone";
			};
			name = Debug;
		};
		9A2238E81B76C02600364A6A /* Release */ = {
			isa = XCBuildConfiguration;
			baseConfigurationReference = A7558C7440C9328214CECF2C /* Pods.release.xcconfig */;
			buildSettings = {
				ASSETCATALOG_COMPILER_APPICON_NAME = AppIcon;
				CLANG_ENABLE_MODULES = YES;
				CODE_SIGN_IDENTITY = "iPhone Developer: Naoya Sugimoto (5JW3B2ZP2Q)";
				FRAMEWORK_SEARCH_PATHS = (
					"$(inherited)",
					"$(PROJECT_DIR)/Carthage.build/iOS",
					"$(PROJECT_DIR)/Carthage/Build/iOS",
				);
				INFOPLIST_FILE = LegendTV/Info.plist;
				LD_RUNPATH_SEARCH_PATHS = "$(inherited) @executable_path/Frameworks";
				PRODUCT_NAME = "$(TARGET_NAME)";
				PROVISIONING_PROFILE = "03ea179a-f7aa-48e3-8842-a314deba611d";
				SWIFT_OBJC_BRIDGING_HEADER = "LegendTV/LegendTV-Bridging-Header.h";
			};
			name = Release;
		};
		9A2238EA1B76C02600364A6A /* Debug */ = {
			isa = XCBuildConfiguration;
			buildSettings = {
				BUNDLE_LOADER = "$(TEST_HOST)";
				FRAMEWORK_SEARCH_PATHS = (
					"$(SDKROOT)/Developer/Library/Frameworks",
					"$(inherited)",
				);
				GCC_PREPROCESSOR_DEFINITIONS = (
					"DEBUG=1",
					"$(inherited)",
				);
				INFOPLIST_FILE = LegendTVTests/Info.plist;
				LD_RUNPATH_SEARCH_PATHS = "$(inherited) @executable_path/Frameworks @loader_path/Frameworks";
				PRODUCT_NAME = "$(TARGET_NAME)";
				TEST_HOST = "$(BUILT_PRODUCTS_DIR)/LegendTV.app/LegendTV";
			};
			name = Debug;
		};
		9A2238EB1B76C02600364A6A /* Release */ = {
			isa = XCBuildConfiguration;
			buildSettings = {
				BUNDLE_LOADER = "$(TEST_HOST)";
				FRAMEWORK_SEARCH_PATHS = (
					"$(SDKROOT)/Developer/Library/Frameworks",
					"$(inherited)",
				);
				INFOPLIST_FILE = LegendTVTests/Info.plist;
				LD_RUNPATH_SEARCH_PATHS = "$(inherited) @executable_path/Frameworks @loader_path/Frameworks";
				PRODUCT_NAME = "$(TARGET_NAME)";
				TEST_HOST = "$(BUILT_PRODUCTS_DIR)/LegendTV.app/LegendTV";
			};
			name = Release;
		};
/* End XCBuildConfiguration section */

/* Begin XCConfigurationList section */
		9A2238C21B76C02500364A6A /* Build configuration list for PBXProject "LegendTV" */ = {
			isa = XCConfigurationList;
			buildConfigurations = (
				9A2238E41B76C02600364A6A /* Debug */,
				9A2238E51B76C02600364A6A /* Release */,
			);
			defaultConfigurationIsVisible = 0;
			defaultConfigurationName = Release;
		};
		9A2238E61B76C02600364A6A /* Build configuration list for PBXNativeTarget "LegendTV" */ = {
			isa = XCConfigurationList;
			buildConfigurations = (
				9A2238E71B76C02600364A6A /* Debug */,
				9A2238E81B76C02600364A6A /* Release */,
			);
			defaultConfigurationIsVisible = 0;
			defaultConfigurationName = Release;
		};
		9A2238E91B76C02600364A6A /* Build configuration list for PBXNativeTarget "LegendTVTests" */ = {
			isa = XCConfigurationList;
			buildConfigurations = (
				9A2238EA1B76C02600364A6A /* Debug */,
				9A2238EB1B76C02600364A6A /* Release */,
			);
			defaultConfigurationIsVisible = 0;
			defaultConfigurationName = Release;
		};
/* End XCConfigurationList section */
	};
	rootObject = 9A2238BF1B76C02500364A6A /* Project object */;
}
